
Microsoft Visual Studio Solution File, Format Version 12.00
# Visual Studio Version 17
VisualStudioVersion = 17.1.32228.430
MinimumVisualStudioVersion = 10.0.40219.1
Project("{8BC9CEB8-8B4A-11D0-8D11-00A0C91BC942}") = "3D_Scene_Renderer", "3D_Scene_Renderer.vcxproj", "{A2A74C7D-A9AF-4FD4-84E1-AC6ACC0A2020}"
EndProject
Global
	GlobalSection(SolutionConfigurationPlatforms) = preSolution
		Debug|x64 = Debug|x64
		Release|x64 = Release|x64
	EndGlobalSection
	GlobalSection(ProjectConfigurationPlatforms) = postSolution
		{A2A74C7D-A9AF-4FD4-84E1-AC6ACC0A2020}.Debug|x64.ActiveCfg = Debug|x64
		{A2A74C7D-A9AF-4FD4-84E1-AC6ACC0A2020}.Debug|x64.Build.0 = Debug|x64
		{A2A74C7D-A9AF-4FD4-84E1-AC6ACC0A2020}.Release|x64.ActiveCfg = Release|x64
		{A2A74C7D-A9AF-4FD4-84E1-AC6ACC0A2020}.Release|x64.Build.0 = Release|x64
	EndGlobalSection
	GlobalSection(SolutionProperties) = preSolution
		HideSolutionNode = FALSE
	EndGlobalSection
	GlobalSection(ExtensibilityGlobals) = postSolution
		SolutionGuid = {4733F6EF-5298-47C2-942C-57A5CB390B3E}
	EndGlobalSection
EndGlobal
